PATH
  remote: ../
  specs:
    trailblazer (1.1.0.beta1)
      declarative
      reform (>= 2.0.0, < 3.0.0)
      uber (>= 0.0.15)

PATH
  remote: ../../reform
  specs:
    reform (2.1.0.rc1)
      disposable (>= 0.2.0, < 0.3.0)
      representable (>= 2.4.0, < 3.1.0)
      uber (~> 0.0.11)

PATH
  remote: ../../roar
  specs:
    roar (1.0.3)
      representable (>= 2.4.0, < 3.1.0)

GEM
  remote: http://rubygems.org/
  specs:
    activemodel (4.2.5)
      activesupport (= 4.2.5)
      builder (~> 3.1)
    activesupport (4.2.5)
      i18n (~> 0.7)
      json (~> 1.7, >= 1.7.7)
      minitest (~> 5.1)
      thread_safe (~> 0.3, >= 0.3.4)
      tzinfo (~> 1.1)
    builder (3.2.2)
    database_cleaner (1.5.1)
    declarative (0.0.5)
      uber (>= 0.0.15)
    disposable (0.2.0)
      declarative (~> 0.0.4)
      representable (>= 2.4.0, <= 3.1.0)
      uber
    i18n (0.7.0)
    json (1.8.3)
    minitest (5.8.3)
    multi_json (1.11.2)
    rake (10.4.2)
    representable (2.4.0)
      declarative (~> 0.0.5)
      uber (~> 0.0.15)
    sqlite3 (1.3.11)
    thread_safe (0.3.5)
    tzinfo (1.2.2)
      thread_safe (~> 0.1)
    uber (0.0.15)

PLATFORMS
  ruby

DEPENDENCIES
  activemodel
  bundler
  database_cleaner
  minitest
  multi_json
  rake
  reform!
  roar!
  sqlite3
  trailblazer!

BUNDLED WITH
   1.10.6
